
Microsoft Visual Studio Solution File, Format Version 12.00
# Visual Studio Version 16
VisualStudioVersion = 16.0.29613.14
MinimumVisualStudioVersion = 10.0.40219.1
Project("{9A19103F-16F7-4668-BE54-9A1E7A4F7556}") = "EmployeeManagement", "EmployeeManagement\EmployeeManagement.csproj", "{89DB8B69-6621-4FDB-9D6F-FF748F254762}"
EndProject
Global
	GlobalSection(SolutionConfigurationPlatforms) = preSolution
		Debug|Any CPU = Debug|Any CPU
		Release|Any CPU = Release|Any CPU
	EndGlobalSection
	GlobalSection(ProjectConfigurationPlatforms) = postSolution
		{89DB8B69-6621-4FDB-9D6F-FF748F254762}.Debug|Any CPU.ActiveCfg = Debug|Any CPU
		{89DB8B69-6621-4FDB-9D6F-FF748F254762}.Debug|Any CPU.Build.0 = Debug|Any CPU
		{89DB8B69-6621-4FDB-9D6F-FF748F254762}.Release|Any CPU.ActiveCfg = Release|Any CPU
		{89DB8B69-6621-4FDB-9D6F-FF748F254762}.Release|Any CPU.Build.0 = Release|Any CPU
	EndGlobalSection
	GlobalSection(SolutionProperties) = preSolution
		HideSolutionNode = FALSE
	EndGlobalSection
	GlobalSection(ExtensibilityGlobals) = postSolution
		SolutionGuid = {1A838F41-AE2C-4FF2-BA5C-C35618A59FDF}
	EndGlobalSection
EndGlobal
